
Microsoft Visual Studio Solution File, Format Version 12.00
# Visual Studio Version 17
VisualStudioVersion = 17.2.32516.85
MinimumVisualStudioVersion = 10.0.40219.1
Project("{FAE04EC0-301F-11D3-BF4B-00C04F79EFBC}") = "Northwind.EF.UI", "Northwind.EF.UI\Northwind.EF.UI.csproj", "{3477C1F0-93A1-473C-8300-62E3D6DA353B}"
EndProject
Project("{FAE04EC0-301F-11D3-BF4B-00C04F79EFBC}") = "Northwind.EF.Logic", "Northwind.EF.Logic\Northwind.EF.Logic.csproj", "{A12B6373-6EE0-4188-B8D5-21099E605688}"
EndProject
Project("{FAE04EC0-301F-11D3-BF4B-00C04F79EFBC}") = "Northwind.EF.Data", "Northwind.EF.Data\Northwind.EF.Data.csproj", "{04695EF0-B289-4B50-8D8B-1FE43746B72D}"
EndProject
Project("{FAE04EC0-301F-11D3-BF4B-00C04F79EFBC}") = "Northwind.EF.Entities", "Northwind.EF.Entities\Northwind.EF.Entities.csproj", "{702AEFB8-E036-44D9-A079-4628FB22985F}"
EndProject
Project("{FAE04EC0-301F-11D3-BF4B-00C04F79EFBC}") = "Northwind.EF.LogicTests", "Northwind.EF.LogicTests\Northwind.EF.LogicTests.csproj", "{827C42EE-4559-4B73-B3C4-C4366FE29365}"
EndProject
Global
	GlobalSection(SolutionConfigurationPlatforms) = preSolution
		Debug|Any CPU = Debug|Any CPU
		Release|Any CPU = Release|Any CPU
	EndGlobalSection
	GlobalSection(ProjectConfigurationPlatforms) = postSolution
		{3477C1F0-93A1-473C-8300-62E3D6DA353B}.Debug|Any CPU.ActiveCfg = Debug|Any CPU
		{3477C1F0-93A1-473C-8300-62E3D6DA353B}.Debug|Any CPU.Build.0 = Debug|Any CPU
		{3477C1F0-93A1-473C-8300-62E3D6DA353B}.Release|Any CPU.ActiveCfg = Release|Any CPU
		{3477C1F0-93A1-473C-8300-62E3D6DA353B}.Release|Any CPU.Build.0 = Release|Any CPU
		{A12B6373-6EE0-4188-B8D5-21099E605688}.Debug|Any CPU.ActiveCfg = Debug|Any CPU
		{A12B6373-6EE0-4188-B8D5-21099E605688}.Debug|Any CPU.Build.0 = Debug|Any CPU
		{A12B6373-6EE0-4188-B8D5-21099E605688}.Release|Any CPU.ActiveCfg = Release|Any CPU
		{A12B6373-6EE0-4188-B8D5-21099E605688}.Release|Any CPU.Build.0 = Release|Any CPU
		{04695EF0-B289-4B50-8D8B-1FE43746B72D}.Debug|Any CPU.ActiveCfg = Debug|Any CPU
		{04695EF0-B289-4B50-8D8B-1FE43746B72D}.Debug|Any CPU.Build.0 = Debug|Any CPU
		{04695EF0-B289-4B50-8D8B-1FE43746B72D}.Release|Any CPU.ActiveCfg = Release|Any CPU
		{04695EF0-B289-4B50-8D8B-1FE43746B72D}.Release|Any CPU.Build.0 = Release|Any CPU
		{702AEFB8-E036-44D9-A079-4628FB22985F}.Debug|Any CPU.ActiveCfg = Debug|Any CPU
		{702AEFB8-E036-44D9-A079-4628FB22985F}.Debug|Any CPU.Build.0 = Debug|Any CPU
		{702AEFB8-E036-44D9-A079-4628FB22985F}.Release|Any CPU.ActiveCfg = Release|Any CPU
		{702AEFB8-E036-44D9-A079-4628FB22985F}.Release|Any CPU.Build.0 = Release|Any CPU
		{827C42EE-4559-4B73-B3C4-C4366FE29365}.Debug|Any CPU.ActiveCfg = Debug|Any CPU
		{827C42EE-4559-4B73-B3C4-C4366FE29365}.Debug|Any CPU.Build.0 = Debug|Any CPU
		{827C42EE-4559-4B73-B3C4-C4366FE29365}.Release|Any CPU.ActiveCfg = Release|Any CPU
		{827C42EE-4559-4B73-B3C4-C4366FE29365}.Release|Any CPU.Build.0 = Release|Any CPU
	EndGlobalSection
	GlobalSection(SolutionProperties) = preSolution
		HideSolutionNode = FALSE
	EndGlobalSection
	GlobalSection(ExtensibilityGlobals) = postSolution
		SolutionGuid = {0E483CC9-41E4-41DD-AF62-4B4C0292F9A2}
	EndGlobalSection
EndGlobal
